{
  "name": "@geobasinas/create-geo-app",
  "version": "1.1.0",
  "lockfileVersion": 3,
  "requires": true,
  "packages": {
    "": {
      "name": "@geobasinas/create-geo-app",
      "version": "1.1.0",
      "license": "MIT",
      "bin": {
        "create-geo-app": "index.js"
      }
    }
  }
}
